{
  "name": "uno-dos-tres",
  "lockfileVersion": 2,
  "requires": true,
  "packages": {
    "": {
      "dependencies": {
        "sox-audio": "^0.3.0"
      }
    },
    "node_modules/sox-audio": {
      "version": "0.3.0",
      "resolved": "https://registry.npmjs.org/sox-audio/-/sox-audio-0.3.0.tgz",
      "integrity": "sha1-3UOk3X+pf/QGY5DDmQOuSrGYrsU=",
      "dependencies": {
        "through": "^2.3.6"
      }
    },
    "node_modules/through": {
      "version": "2.3.8",
      "resolved": "https://registry.npmjs.org/through/-/through-2.3.8.tgz",
      "integrity": "sha1-DdTJ/6q8NXlgsbckEV1+Doai4fU="
    }
  },
  "dependencies": {
    "sox-audio": {
      "version": "0.3.0",
      "resolved": "https://registry.npmjs.org/sox-audio/-/sox-audio-0.3.0.tgz",
      "integrity": "sha1-3UOk3X+pf/QGY5DDmQOuSrGYrsU=",
      "requires": {
        "through": "^2.3.6"
      }
    },
    "through": {
      "version": "2.3.8",
      "resolved": "https://registry.npmjs.org/through/-/through-2.3.8.tgz",
      "integrity": "sha1-DdTJ/6q8NXlgsbckEV1+Doai4fU="
    }
  }
}
